
Microsoft Visual Studio Solution File, Format Version 12.00
# Visual Studio Version 17
VisualStudioVersion = 17.9.34607.119
MinimumVisualStudioVersion = 10.0.40219.1
Project("{FAE04EC0-301F-11D3-BF4B-00C04F79EFBC}") = "ErpSystem.UserService.Api", "ErpSystem.UserService.Api\ErpSystem.UserService.Api.csproj", "{32D9BA49-0BF1-4EA1-AAF8-0D28930CA354}"
EndProject
Global
	GlobalSection(SolutionConfigurationPlatforms) = preSolution
		Debug|Any CPU = Debug|Any CPU
		Release|Any CPU = Release|Any CPU
	EndGlobalSection
	GlobalSection(ProjectConfigurationPlatforms) = postSolution
		{32D9BA49-0BF1-4EA1-AAF8-0D28930CA354}.Debug|Any CPU.ActiveCfg = Debug|Any CPU
		{32D9BA49-0BF1-4EA1-AAF8-0D28930CA354}.Debug|Any CPU.Build.0 = Debug|Any CPU
		{32D9BA49-0BF1-4EA1-AAF8-0D28930CA354}.Release|Any CPU.ActiveCfg = Release|Any CPU
		{32D9BA49-0BF1-4EA1-AAF8-0D28930CA354}.Release|Any CPU.Build.0 = Release|Any CPU
	EndGlobalSection
	GlobalSection(SolutionProperties) = preSolution
		HideSolutionNode = FALSE
	EndGlobalSection
	GlobalSection(ExtensibilityGlobals) = postSolution
		SolutionGuid = {C8BAEEF9-2288-4818-BE41-D70228ED3CB9}
	EndGlobalSection
EndGlobal
